// !$*UTF8*$!
{
	archiveVersion = 1;
	classes = {
	};
	objectVersion = 56;
	objects = {

/* Begin PBXBuildFile section */
		E73635C42BD6899600141EE0 /* SnapKit in Frameworks */ = {isa = PBXBuildFile; productRef = E73635C32BD6899600141EE0 /* SnapKit */; };
		E73635C62BD6899600141EE0 /* SnapKit-Dynamic in Frameworks */ = {isa = PBXBuildFile; productRef = E73635C52BD6899600141EE0 /* SnapKit-Dynamic */; };
		E73635C92BD68A3200141EE0 /* EndPoint.swift in Sources */ = {isa = PBXBuildFile; fileRef = E73635C82BD68A3200141EE0 /* EndPoint.swift */; };
		E73635CB2BD68A5000141EE0 /* ListModel.swift in Sources */ = {isa = PBXBuildFile; fileRef = E73635CA2BD68A5000141EE0 /* ListModel.swift */; };
		E73635CE2BD68A7800141EE0 /* NetworkManager.swift in Sources */ = {isa = PBXBuildFile; fileRef = E73635CD2BD68A7800141EE0 /* NetworkManager.swift */; };
		E73635D02BD68AAC00141EE0 /* Color.swift in Sources */ = {isa = PBXBuildFile; fileRef = E73635CF2BD68AAC00141EE0 /* Color.swift */; };
		E73635D42BD68AFA00141EE0 /* FavouriteStorage.swift in Sources */ = {isa = PBXBuildFile; fileRef = E73635D32BD68AFA00141EE0 /* FavouriteStorage.swift */; };
		E73635D62BD68B3800141EE0 /* ProductMockData.swift in Sources */ = {isa = PBXBuildFile; fileRef = E73635D52BD68B3800141EE0 /* ProductMockData.swift */; };
		E75FE4302BD671A4001BE28C /* Check24ChallengeApp.swift in Sources */ = {isa = PBXBuildFile; fileRef = E75FE42F2BD671A4001BE28C /* Check24ChallengeApp.swift */; };
		E75FE4322BD671A4001BE28C /* ContentView.swift in Sources */ = {isa = PBXBuildFile; fileRef = E75FE4312BD671A4001BE28C /* ContentView.swift */; };
		E75FE4342BD671A6001BE28C /* Assets.xcassets in Resources */ = {isa = PBXBuildFile; fileRef = E75FE4332BD671A6001BE28C /* Assets.xcassets */; };
		E75FE4372BD671A6001BE28C /* Preview Assets.xcassets in Resources */ = {isa = PBXBuildFile; fileRef = E75FE4362BD671A6001BE28C /* Preview Assets.xcassets */; };
		E7C578E42BD68E6E00FD4F62 /* RowViewModel.swift in Sources */ = {isa = PBXBuildFile; fileRef = E7C578E32BD68E6E00FD4F62 /* RowViewModel.swift */; };
		E7C578E62BD68ECE00FD4F62 /* ListViewModel.swift in Sources */ = {isa = PBXBuildFile; fileRef = E7C578E52BD68ECE00FD4F62 /* ListViewModel.swift */; };
/* End PBXBuildFile section */

/* Begin PBXFileReference section */
		E73635C82BD68A3200141EE0 /* EndPoint.swift */ = {isa = PBXFileReference; lastKnownFileType = sourcecode.swift; path = EndPoint.swift; sourceTree = "<group>"; };
		E73635CA2BD68A5000141EE0 /* ListModel.swift */ = {isa = PBXFileReference; lastKnownFileType = sourcecode.swift; path = ListModel.swift; sourceTree = "<group>"; };
		E73635CD2BD68A7800141EE0 /* NetworkManager.swift */ = {isa = PBXFileReference; lastKnownFileType = sourcecode.swift; path = NetworkManager.swift; sourceTree = "<group>"; };
		E73635CF2BD68AAC00141EE0 /* Color.swift */ = {isa = PBXFileReference; lastKnownFileType = sourcecode.swift; path = Color.swift; sourceTree = "<group>"; };
		E73635D32BD68AFA00141EE0 /* FavouriteStorage.swift */ = {isa = PBXFileReference; lastKnownFileType = sourcecode.swift; path = FavouriteStorage.swift; sourceTree = "<group>"; };
		E73635D52BD68B3800141EE0 /* ProductMockData.swift */ = {isa = PBXFileReference; lastKnownFileType = sourcecode.swift; path = ProductMockData.swift; sourceTree = "<group>"; };
		E75FE42C2BD671A4001BE28C /* Check24Challenge.app */ = {isa = PBXFileReference; explicitFileType = wrapper.application; includeInIndex = 0; path = Check24Challenge.app; sourceTree = BUILT_PRODUCTS_DIR; };
		E75FE42F2BD671A4001BE28C /* Check24ChallengeApp.swift */ = {isa = PBXFileReference; lastKnownFileType = sourcecode.swift; path = Check24ChallengeApp.swift; sourceTree = "<group>"; };
		E75FE4312BD671A4001BE28C /* ContentView.swift */ = {isa = PBXFileReference; lastKnownFileType = sourcecode.swift; path = ContentView.swift; sourceTree = "<group>"; };
		E75FE4332BD671A6001BE28C /* Assets.xcassets */ = {isa = PBXFileReference; lastKnownFileType = folder.assetcatalog; path = Assets.xcassets; sourceTree = "<group>"; };
		E75FE4362BD671A6001BE28C /* Preview Assets.xcassets */ = {isa = PBXFileReference; lastKnownFileType = folder.assetcatalog; path = "Preview Assets.xcassets"; sourceTree = "<group>"; };
		E7C578E32BD68E6E00FD4F62 /* RowViewModel.swift */ = {isa = PBXFileReference; lastKnownFileType = sourcecode.swift; path = RowViewModel.swift; sourceTree = "<group>"; };
		E7C578E52BD68ECE00FD4F62 /* ListViewModel.swift */ = {isa = PBXFileReference; lastKnownFileType = sourcecode.swift; path = ListViewModel.swift; sourceTree = "<group>"; };
/* End PBXFileReference section */

/* Begin PBXFrameworksBuildPhase section */
		E75FE4292BD671A4001BE28C /* Frameworks */ = {
			isa = PBXFrameworksBuildPhase;
			buildActionMask = 2147483647;
			files = (
				E73635C42BD6899600141EE0 /* SnapKit in Frameworks */,
				E73635C62BD6899600141EE0 /* SnapKit-Dynamic in Frameworks */,
			);
			runOnlyForDeploymentPostprocessing = 0;
		};
/* End PBXFrameworksBuildPhase section */

/* Begin PBXGroup section */
		E73635C72BD68A0800141EE0 /* Model */ = {
			isa = PBXGroup;
			children = (
				E73635C82BD68A3200141EE0 /* EndPoint.swift */,
				E73635CA2BD68A5000141EE0 /* ListModel.swift */,
			);
			path = Model;
			sourceTree = "<group>";
		};
		E73635CC2BD68A6500141EE0 /* Network */ = {
			isa = PBXGroup;
			children = (
				E73635CD2BD68A7800141EE0 /* NetworkManager.swift */,
			);
			path = Network;
			sourceTree = "<group>";
		};
		E73635D12BD68ABE00141EE0 /* Extension */ = {
			isa = PBXGroup;
			children = (
				E73635CF2BD68AAC00141EE0 /* Color.swift */,
			);
			path = Extension;
			sourceTree = "<group>";
		};
		E73635D22BD68ADF00141EE0 /* Utils */ = {
			isa = PBXGroup;
			children = (
				E73635D32BD68AFA00141EE0 /* FavouriteStorage.swift */,
			);
			path = Utils;
			sourceTree = "<group>";
		};
		E75FE4232BD671A4001BE28C = {
			isa = PBXGroup;
			children = (
				E75FE42E2BD671A4001BE28C /* Check24Challenge */,
				E75FE42D2BD671A4001BE28C /* Products */,
			);
			sourceTree = "<group>";
		};
		E75FE42D2BD671A4001BE28C /* Products */ = {
			isa = PBXGroup;
			children = (
				E75FE42C2BD671A4001BE28C /* Check24Challenge.app */,
			);
			name = Products;
			sourceTree = "<group>";
		};
		E75FE42E2BD671A4001BE28C /* Check24Challenge */ = {
			isa = PBXGroup;
			children = (
				E7C578E22BD68E3900FD4F62 /* ViewModel */,
				E73635D22BD68ADF00141EE0 /* Utils */,
				E73635D12BD68ABE00141EE0 /* Extension */,
				E73635CC2BD68A6500141EE0 /* Network */,
				E73635C72BD68A0800141EE0 /* Model */,
				E75FE42F2BD671A4001BE28C /* Check24ChallengeApp.swift */,
				E75FE4312BD671A4001BE28C /* ContentView.swift */,
				E75FE4332BD671A6001BE28C /* Assets.xcassets */,
				E75FE4352BD671A6001BE28C /* Preview Content */,
			);
			path = Check24Challenge;
			sourceTree = "<group>";
		};
		E75FE4352BD671A6001BE28C /* Preview Content */ = {
			isa = PBXGroup;
			children = (
				E75FE4362BD671A6001BE28C /* Preview Assets.xcassets */,
				E73635D52BD68B3800141EE0 /* ProductMockData.swift */,
			);
			path = "Preview Content";
			sourceTree = "<group>";
		};
		E7C578E22BD68E3900FD4F62 /* ViewModel */ = {
			isa = PBXGroup;
			children = (
				E7C578E32BD68E6E00FD4F62 /* RowViewModel.swift */,
				E7C578E52BD68ECE00FD4F62 /* ListViewModel.swift */,
			);
			path = ViewModel;
			sourceTree = "<group>";
		};
/* End PBXGroup section */

/* Begin PBXNativeTarget section */
		E75FE42B2BD671A4001BE28C /* Check24Challenge */ = {
			isa = PBXNativeTarget;
			buildConfigurationList = E75FE43A2BD671A6001BE28C /* Build configuration list for PBXNativeTarget "Check24Challenge" */;
			buildPhases = (
				E75FE4282BD671A4001BE28C /* Sources */,
				E75FE4292BD671A4001BE28C /* Frameworks */,
				E75FE42A2BD671A4001BE28C /* Resources */,
			);
			buildRules = (
			);
			dependencies = (
			);
			name = Check24Challenge;
			packageProductDependencies = (
				E73635C32BD6899600141EE0 /* SnapKit */,
				E73635C52BD6899600141EE0 /* SnapKit-Dynamic */,
			);
			productName = Check24Challenge;
			productReference = E75FE42C2BD671A4001BE28C /* Check24Challenge.app */;
			productType = "com.apple.product-type.application";
		};
/* End PBXNativeTarget section */

/* Begin PBXProject section */
		E75FE4242BD671A4001BE28C /* Project object */ = {
			isa = PBXProject;
			attributes = {
				BuildIndependentTargetsInParallel = 1;
				LastSwiftUpdateCheck = 1520;
				LastUpgradeCheck = 1520;
				TargetAttributes = {
					E75FE42B2BD671A4001BE28C = {
						CreatedOnToolsVersion = 15.2;
					};
				};
			};
			buildConfigurationList = E75FE4272BD671A4001BE28C /* Build configuration list for PBXProject "Check24Challenge" */;
			compatibilityVersion = "Xcode 14.0";
			developmentRegion = en;
			hasScannedForEncodings = 0;
			knownRegions = (
				en,
				Base,
			);
			mainGroup = E75FE4232BD671A4001BE28C;
			packageReferences = (
				E73635C22BD6899600141EE0 /* XCRemoteSwiftPackageReference "SnapKit" */,
			);
			productRefGroup = E75FE42D2BD671A4001BE28C /* Products */;
			projectDirPath = "";
			projectRoot = "";
			targets = (
				E75FE42B2BD671A4001BE28C /* Check24Challenge */,
			);
		};
/* End PBXProject section */

/* Begin PBXResourcesBuildPhase section */
		E75FE42A2BD671A4001BE28C /* Resources */ = {
			isa = PBXResourcesBuildPhase;
			buildActionMask = 2147483647;
			files = (
				E75FE4372BD671A6001BE28C /* Preview Assets.xcassets in Resources */,
				E75FE4342BD671A6001BE28C /* Assets.xcassets in Resources */,
			);
			runOnlyForDeploymentPostprocessing = 0;
		};
/* End PBXResourcesBuildPhase section */

/* Begin PBXSourcesBuildPhase section */
		E75FE4282BD671A4001BE28C /* Sources */ = {
			isa = PBXSourcesBuildPhase;
			buildActionMask = 2147483647;
			files = (
				E7C578E62BD68ECE00FD4F62 /* ListViewModel.swift in Sources */,
				E73635C92BD68A3200141EE0 /* EndPoint.swift in Sources */,
				E73635D42BD68AFA00141EE0 /* FavouriteStorage.swift in Sources */,
				E7C578E42BD68E6E00FD4F62 /* RowViewModel.swift in Sources */,
				E75FE4322BD671A4001BE28C /* ContentView.swift in Sources */,
				E73635CE2BD68A7800141EE0 /* NetworkManager.swift in Sources */,
				E73635D02BD68AAC00141EE0 /* Color.swift in Sources */,
				E73635D62BD68B3800141EE0 /* ProductMockData.swift in Sources */,
				E75FE4302BD671A4001BE28C /* Check24ChallengeApp.swift in Sources */,
				E73635CB2BD68A5000141EE0 /* ListModel.swift in Sources */,
			);
			runOnlyForDeploymentPostprocessing = 0;
		};
/* End PBXSourcesBuildPhase section */

/* Begin XCBuildConfiguration section */
		E75FE4382BD671A6001BE28C /* Debug */ = {
			isa = XCBuildConfiguration;
			buildSettings = {
				ALWAYS_SEARCH_USER_PATHS = NO;
				ASSETCATALOG_COMPILER_GENERATE_SWIFT_ASSET_SYMBOL_EXTENSIONS = YES;
				CLANG_ANALYZER_NONNULL = YES;
				CLANG_ANALYZER_NUMBER_OBJECT_CONVERSION = YES_AGGRESSIVE;
				CLANG_CXX_LANGUAGE_STANDARD = "gnu++20";
				CLANG_ENABLE_MODULES = YES;
				CLANG_ENABLE_OBJC_ARC = YES;
				CLANG_ENABLE_OBJC_WEAK = YES;
				CLANG_WARN_BLOCK_CAPTURE_AUTORELEASING = YES;
				CLANG_WARN_BOOL_CONVERSION = YES;
				CLANG_WARN_COMMA = YES;
				CLANG_WARN_CONSTANT_CONVERSION = YES;
				CLANG_WARN_DEPRECATED_OBJC_IMPLEMENTATIONS = YES;
				CLANG_WARN_DIRECT_OBJC_ISA_USAGE = YES_ERROR;
				CLANG_WARN_DOCUMENTATION_COMMENTS = YES;
				CLANG_WARN_EMPTY_BODY = YES;
				CLANG_WARN_ENUM_CONVERSION = YES;
				CLANG_WARN_INFINITE_RECURSION = YES;
				CLANG_WARN_INT_CONVERSION = YES;
				CLANG_WARN_NON_LITERAL_NULL_CONVERSION = YES;
				CLANG_WARN_OBJC_IMPLICIT_RETAIN_SELF = YES;
				CLANG_WARN_OBJC_LITERAL_CONVERSION = YES;
				CLANG_WARN_OBJC_ROOT_CLASS = YES_ERROR;
				CLANG_WARN_QUOTED_INCLUDE_IN_FRAMEWORK_HEADER = YES;
				CLANG_WARN_RANGE_LOOP_ANALYSIS = YES;
				CLANG_WARN_STRICT_PROTOTYPES = YES;
				CLANG_WARN_SUSPICIOUS_MOVE = YES;
				CLANG_WARN_UNGUARDED_AVAILABILITY = YES_AGGRESSIVE;
				CLANG_WARN_UNREACHABLE_CODE = YES;
				CLANG_WARN__DUPLICATE_METHOD_MATCH = YES;
				COPY_PHASE_STRIP = NO;
				DEBUG_INFORMATION_FORMAT = dwarf;
				ENABLE_STRICT_OBJC_MSGSEND = YES;
				ENABLE_TESTABILITY = YES;
				ENABLE_USER_SCRIPT_SANDBOXING = YES;
				GCC_C_LANGUAGE_STANDARD = gnu17;
				GCC_DYNAMIC_NO_PIC = NO;
				GCC_NO_COMMON_BLOCKS = YES;
				GCC_OPTIMIZATION_LEVEL = 0;
				GCC_PREPROCESSOR_DEFINITIONS = (
					"DEBUG=1",
					"$(inherited)",
				);
				GCC_WARN_64_TO_32_BIT_CONVERSION = YES;
				GCC_WARN_ABOUT_RETURN_TYPE = YES_ERROR;
				GCC_WARN_UNDECLARED_SELECTOR = YES;
				GCC_WARN_UNINITIALIZED_AUTOS = YES_AGGRESSIVE;
				GCC_WARN_UNUSED_FUNCTION = YES;
				GCC_WARN_UNUSED_VARIABLE = YES;
				IPHONEOS_DEPLOYMENT_TARGET = 17.2;
				LOCALIZATION_PREFERS_STRING_CATALOGS = YES;
				MTL_ENABLE_DEBUG_INFO = INCLUDE_SOURCE;
				MTL_FAST_MATH = YES;
				ONLY_ACTIVE_ARCH = YES;
				SDKROOT = iphoneos;
				SWIFT_ACTIVE_COMPILATION_CONDITIONS = "DEBUG $(inherited)";
				SWIFT_OPTIMIZATION_LEVEL = "-Onone";
			};
			name = Debug;
		};
		E75FE4392BD671A6001BE28C /* Release */ = {
			isa = XCBuildConfiguration;
			buildSettings = {
				ALWAYS_SEARCH_USER_PATHS = NO;
				ASSETCATALOG_COMPILER_GENERATE_SWIFT_ASSET_SYMBOL_EXTENSIONS = YES;
				CLANG_ANALYZER_NONNULL = YES;
				CLANG_ANALYZER_NUMBER_OBJECT_CONVERSION = YES_AGGRESSIVE;
				CLANG_CXX_LANGUAGE_STANDARD = "gnu++20";
				CLANG_ENABLE_MODULES = YES;
				CLANG_ENABLE_OBJC_ARC = YES;
				CLANG_ENABLE_OBJC_WEAK = YES;
				CLANG_WARN_BLOCK_CAPTURE_AUTORELEASING = YES;
				CLANG_WARN_BOOL_CONVERSION = YES;
				CLANG_WARN_COMMA = YES;
				CLANG_WARN_CONSTANT_CONVERSION = YES;
				CLANG_WARN_DEPRECATED_OBJC_IMPLEMENTATIONS = YES;
				CLANG_WARN_DIRECT_OBJC_ISA_USAGE = YES_ERROR;
				CLANG_WARN_DOCUMENTATION_COMMENTS = YES;
				CLANG_WARN_EMPTY_BODY = YES;
				CLANG_WARN_ENUM_CONVERSION = YES;
				CLANG_WARN_INFINITE_RECURSION = YES;
				CLANG_WARN_INT_CONVERSION = YES;
				CLANG_WARN_NON_LITERAL_NULL_CONVERSION = YES;
				CLANG_WARN_OBJC_IMPLICIT_RETAIN_SELF = YES;
				CLANG_WARN_OBJC_LITERAL_CONVERSION = YES;
				CLANG_WARN_OBJC_ROOT_CLASS = YES_ERROR;
				CLANG_WARN_QUOTED_INCLUDE_IN_FRAMEWORK_HEADER = YES;
				CLANG_WARN_RANGE_LOOP_ANALYSIS = YES;
				CLANG_WARN_STRICT_PROTOTYPES = YES;
				CLANG_WARN_SUSPICIOUS_MOVE = YES;
				CLANG_WARN_UNGUARDED_AVAILABILITY = YES_AGGRESSIVE;
				CLANG_WARN_UNREACHABLE_CODE = YES;
				CLANG_WARN__DUPLICATE_METHOD_MATCH = YES;
				COPY_PHASE_STRIP = NO;
				DEBUG_INFORMATION_FORMAT = "dwarf-with-dsym";
				ENABLE_NS_ASSERTIONS = NO;
				ENABLE_STRICT_OBJC_MSGSEND = YES;
				ENABLE_USER_SCRIPT_SANDBOXING = YES;
				GCC_C_LANGUAGE_STANDARD = gnu17;
				GCC_NO_COMMON_BLOCKS = YES;
				GCC_WARN_64_TO_32_BIT_CONVERSION = YES;
				GCC_WARN_ABOUT_RETURN_TYPE = YES_ERROR;
				GCC_WARN_UNDECLARED_SELECTOR = YES;
				GCC_WARN_UNINITIALIZED_AUTOS = YES_AGGRESSIVE;
				GCC_WARN_UNUSED_FUNCTION = YES;
				GCC_WARN_UNUSED_VARIABLE = YES;
				IPHONEOS_DEPLOYMENT_TARGET = 17.2;
				LOCALIZATION_PREFERS_STRING_CATALOGS = YES;
				MTL_ENABLE_DEBUG_INFO = NO;
				MTL_FAST_MATH = YES;
				SDKROOT = iphoneos;
				SWIFT_COMPILATION_MODE = wholemodule;
				VALIDATE_PRODUCT = YES;
			};
			name = Release;
		};
		E75FE43B2BD671A6001BE28C /* Debug */ = {
			isa = XCBuildConfiguration;
			buildSettings = {
				ASSETCATALOG_COMPILER_APPICON_NAME = AppIcon;
				ASSETCATALOG_COMPILER_GLOBAL_ACCENT_COLOR_NAME = AccentColor;
				CODE_SIGN_STYLE = Automatic;
				CURRENT_PROJECT_VERSION = 1;
				DEVELOPMENT_ASSET_PATHS = "\"Check24Challenge/Preview Content\"";
				DEVELOPMENT_TEAM = 882F2W2464;
				ENABLE_PREVIEWS = YES;
				GENERATE_INFOPLIST_FILE = YES;
				INFOPLIST_KEY_UIApplicationSceneManifest_Generation = YES;
				INFOPLIST_KEY_UIApplicationSupportsIndirectInputEvents = YES;
				INFOPLIST_KEY_UILaunchScreen_Generation = YES;
				INFOPLIST_KEY_UISupportedInterfaceOrientations_iPad = "UIInterfaceOrientationPortrait UIInterfaceOrientationPortraitUpsideDown UIInterfaceOrientationLandscapeLeft UIInterfaceOrientationLandscapeRight";
				INFOPLIST_KEY_UISupportedInterfaceOrientations_iPhone = "UIInterfaceOrientationPortrait UIInterfaceOrientationLandscapeLeft UIInterfaceOrientationLandscapeRight";
				LD_RUNPATH_SEARCH_PATHS = (
					"$(inherited)",
					"@executable_path/Frameworks",
				);
				MARKETING_VERSION = 1.0;
				PRODUCT_BUNDLE_IDENTIFIER = com.kostiantynkaniuka.Check24Challenge;
				PRODUCT_NAME = "$(TARGET_NAME)";
				SWIFT_EMIT_LOC_STRINGS = YES;
				SWIFT_VERSION = 5.0;
				TARGETED_DEVICE_FAMILY = "1,2";
			};
			name = Debug;
		};
		E75FE43C2BD671A6001BE28C /* Release */ = {
			isa = XCBuildConfiguration;
			buildSettings = {
				ASSETCATALOG_COMPILER_APPICON_NAME = AppIcon;
				ASSETCATALOG_COMPILER_GLOBAL_ACCENT_COLOR_NAME = AccentColor;
				CODE_SIGN_STYLE = Automatic;
				CURRENT_PROJECT_VERSION = 1;
				DEVELOPMENT_ASSET_PATHS = "\"Check24Challenge/Preview Content\"";
				DEVELOPMENT_TEAM = 882F2W2464;
				ENABLE_PREVIEWS = YES;
				GENERATE_INFOPLIST_FILE = YES;
				INFOPLIST_KEY_UIApplicationSceneManifest_Generation = YES;
				INFOPLIST_KEY_UIApplicationSupportsIndirectInputEvents = YES;
				INFOPLIST_KEY_UILaunchScreen_Generation = YES;
				INFOPLIST_KEY_UISupportedInterfaceOrientations_iPad = "UIInterfaceOrientationPortrait UIInterfaceOrientationPortraitUpsideDown UIInterfaceOrientationLandscapeLeft UIInterfaceOrientationLandscapeRight";
				INFOPLIST_KEY_UISupportedInterfaceOrientations_iPhone = "UIInterfaceOrientationPortrait UIInterfaceOrientationLandscapeLeft UIInterfaceOrientationLandscapeRight";
				LD_RUNPATH_SEARCH_PATHS = (
					"$(inherited)",
					"@executable_path/Frameworks",
				);
				MARKETING_VERSION = 1.0;
				PRODUCT_BUNDLE_IDENTIFIER = com.kostiantynkaniuka.Check24Challenge;
				PRODUCT_NAME = "$(TARGET_NAME)";
				SWIFT_EMIT_LOC_STRINGS = YES;
				SWIFT_VERSION = 5.0;
				TARGETED_DEVICE_FAMILY = "1,2";
			};
			name = Release;
		};
/* End XCBuildConfiguration section */

/* Begin XCConfigurationList section */
		E75FE4272BD671A4001BE28C /* Build configuration list for PBXProject "Check24Challenge" */ = {
			isa = XCConfigurationList;
			buildConfigurations = (
				E75FE4382BD671A6001BE28C /* Debug */,
				E75FE4392BD671A6001BE28C /* Release */,
			);
			defaultConfigurationIsVisible = 0;
			defaultConfigurationName = Release;
		};
		E75FE43A2BD671A6001BE28C /* Build configuration list for PBXNativeTarget "Check24Challenge" */ = {
			isa = XCConfigurationList;
			buildConfigurations = (
				E75FE43B2BD671A6001BE28C /* Debug */,
				E75FE43C2BD671A6001BE28C /* Release */,
			);
			defaultConfigurationIsVisible = 0;
			defaultConfigurationName = Release;
		};
/* End XCConfigurationList section */

/* Begin XCRemoteSwiftPackageReference section */
		E73635C22BD6899600141EE0 /* XCRemoteSwiftPackageReference "SnapKit" */ = {
			isa = XCRemoteSwiftPackageReference;
			repositoryURL = "https://github.com/SnapKit/SnapKit.git";
			requirement = {
				kind = upToNextMajorVersion;
				minimumVersion = 5.7.1;
			};
		};
/* End XCRemoteSwiftPackageReference section */

/* Begin XCSwiftPackageProductDependency section */
		E73635C32BD6899600141EE0 /* SnapKit */ = {
			isa = XCSwiftPackageProductDependency;
			package = E73635C22BD6899600141EE0 /* XCRemoteSwiftPackageReference "SnapKit" */;
			productName = SnapKit;
		};
		E73635C52BD6899600141EE0 /* SnapKit-Dynamic */ = {
			isa = XCSwiftPackageProductDependency;
			package = E73635C22BD6899600141EE0 /* XCRemoteSwiftPackageReference "SnapKit" */;
			productName = "SnapKit-Dynamic";
		};
/* End XCSwiftPackageProductDependency section */
	};
	rootObject = E75FE4242BD671A4001BE28C /* Project object */;
}
